
Microsoft Visual Studio Solution File, Format Version 12.00
# Visual Studio Version 17
VisualStudioVersion = 17.11.35222.181
MinimumVisualStudioVersion = 10.0.40219.1
Project("{FAE04EC0-301F-11D3-BF4B-00C04F79EFBC}") = "vegyes_feladatok", "vegyes_feladatok.csproj", "{ED5A27C5-5561-4F7E-80D6-8F74B67CACB1}"
EndProject
Global
	GlobalSection(SolutionConfigurationPlatforms) = preSolution
		Debug|Any CPU = Debug|Any CPU
		Release|Any CPU = Release|Any CPU
	EndGlobalSection
	GlobalSection(ProjectConfigurationPlatforms) = postSolution
		{ED5A27C5-5561-4F7E-80D6-8F74B67CACB1}.Debug|Any CPU.ActiveCfg = Debug|Any CPU
		{ED5A27C5-5561-4F7E-80D6-8F74B67CACB1}.Debug|Any CPU.Build.0 = Debug|Any CPU
		{ED5A27C5-5561-4F7E-80D6-8F74B67CACB1}.Release|Any CPU.ActiveCfg = Release|Any CPU
		{ED5A27C5-5561-4F7E-80D6-8F74B67CACB1}.Release|Any CPU.Build.0 = Release|Any CPU
	EndGlobalSection
	GlobalSection(SolutionProperties) = preSolution
		HideSolutionNode = FALSE
	EndGlobalSection
	GlobalSection(ExtensibilityGlobals) = postSolution
		SolutionGuid = {3AB3B218-3542-4277-ABDF-E9FE5FF46E28}
	EndGlobalSection
EndGlobal
